{
  "name": "HireMatch-AI",
  "lockfileVersion": 3,
  "requires": true,
  "packages": {
    "": {
      "dependencies": {
        "latex2pdf": "^1.0.1"
      }
    },
    "node_modules/latex2pdf": {
      "version": "1.0.1",
      "resolved": "https://registry.npmjs.org/latex2pdf/-/latex2pdf-1.0.1.tgz",
      "integrity": "sha512-jL6vVbB7LLLtsZa5PFkwdljx0Oi6n65AwGHEJ3UhivgfI+HPSHITZ9FTNvQfbyq58jl2FKKkw1mu78gR6wu0Dw==",
      "license": "MIT"
    }
  }
}
